{
    "_readme": [
        "This file locks the dependencies of your project to a known state",
        "Read more about it at https://getcomposer.org/doc/01-basic-usage.md#installing-dependencies",
        "This file is @generated automatically"
    ],
    "content-hash": "ea73f1cfa968f06be9c2ac54d2a56c96",
    "packages": [
        {
            "name": "reflect/client",
            "version": "dev-feat/responseobj",
            "source": {
                "type": "git",
                "url": "https://github.com/VictorWesterlund/reflect-client-php.git",
                "reference": "228b3c665d4af5023ac4ed71fe32bb144521b43b"
            },
            "dist": {
                "type": "zip",
                "url": "https://api.github.com/repos/VictorWesterlund/reflect-client-php/zipball/228b3c665d4af5023ac4ed71fe32bb144521b43b",
                "reference": "228b3c665d4af5023ac4ed71fe32bb144521b43b",
                "shasum": ""
            },
            "type": "library",
            "autoload": {
                "psr-4": {
                    "Reflect\\": "src/Reflect/"
                }
            },
            "notification-url": "https://packagist.org/downloads/",
            "license": [
                "GPL-2.0-only"
            ],
            "authors": [
                {
                    "name": "Victor Westerlund",
                    "email": "victor.vesterlund@gmail.com"
                }
            ],
            "description": "Extendable PHP interface for communicating with Reflect API over HTTP or UNIX sockets",
            "support": {
                "issues": "https://github.com/VictorWesterlund/reflect-client-php/issues",
                "source": "https://github.com/VictorWesterlund/reflect-client-php/tree/feat/responseobj"
            },
            "time": "2024-03-18T11:57:57+00:00"
        }
    ],
    "packages-dev": [],
    "aliases": [],
    "minimum-stability": "stable",
    "stability-flags": {
        "reflect/client": 20
    },
    "prefer-stable": false,
    "prefer-lowest": false,
    "platform": [],
    "platform-dev": [],
    "plugin-api-version": "2.0.0"
}
