{
    "_readme": [
        "This file locks the dependencies of your project to a known state",
        "Read more about it at https://getcomposer.org/doc/01-basic-usage.md#installing-dependencies",
        "This file is @generated automatically"
    ],
    "content-hash": "9da96ba90ef20d885034442b30dce0a3",
    "packages": [
        {
            "name": "local/api.endpoints",
            "version": "1.0.0-dev",
            "dist": {
                "type": "path",
                "url": "src/packages/Endpoints",
                "reference": "89b7b9a4cc504abddb4aeec8e05a95c9d9087575"
            },
            "type": "library",
            "autoload": {
                "psr-4": {
                    "VLW\\API\\": "src/"
                }
            },
            "authors": [
                {
                    "name": "Victor Westerlund",
                    "email": "victor@vlw.se"
                }
            ],
            "description": "Endpoint pathmappings for VLW API",
            "transport-options": {
                "relative": true
            }
        },
        {
            "name": "reflect/plugin-rules",
            "version": "1.5.0",
            "source": {
                "type": "git",
                "url": "https://github.com/VictorWesterlund/reflect-rules-plugin.git",
                "reference": "9c837fd1944133edfed70a63ce8b32bf67f0d94b"
            },
            "dist": {
                "type": "zip",
                "url": "https://api.github.com/repos/VictorWesterlund/reflect-rules-plugin/zipball/9c837fd1944133edfed70a63ce8b32bf67f0d94b",
                "reference": "9c837fd1944133edfed70a63ce8b32bf67f0d94b",
                "shasum": ""
            },
            "type": "library",
            "autoload": {
                "psr-4": {
                    "ReflectRules\\": "src/"
                }
            },
            "notification-url": "https://packagist.org/downloads/",
            "license": [
                "GPL-3.0-only"
            ],
            "authors": [
                {
                    "name": "Victor Westerlund",
                    "email": "victor.vesterlund@gmail.com"
                }
            ],
            "description": "Add request search paramter and request body constraints to an API built with Reflect",
            "support": {
                "issues": "https://github.com/VictorWesterlund/reflect-rules-plugin/issues",
                "source": "https://github.com/VictorWesterlund/reflect-rules-plugin/tree/1.5.0"
            },
            "time": "2024-01-17T11:07:44+00:00"
        },
        {
            "name": "victorwesterlund/xenum",
            "version": "1.1.1",
            "source": {
                "type": "git",
                "url": "https://github.com/VictorWesterlund/php-xenum.git",
                "reference": "8972f06f42abd1f382807a67e937d5564bb89699"
            },
            "dist": {
                "type": "zip",
                "url": "https://api.github.com/repos/VictorWesterlund/php-xenum/zipball/8972f06f42abd1f382807a67e937d5564bb89699",
                "reference": "8972f06f42abd1f382807a67e937d5564bb89699",
                "shasum": ""
            },
            "type": "library",
            "autoload": {
                "psr-4": {
                    "victorwesterlund\\": "src/"
                }
            },
            "notification-url": "https://packagist.org/downloads/",
            "license": [
                "GPL-3.0-only"
            ],
            "authors": [
                {
                    "name": "Victor Westerlund",
                    "email": "victor.vesterlund@gmail.com"
                }
            ],
            "description": "PHP eXtended Enums. The missing quality-of-life features from PHP 8+ Enums",
            "support": {
                "issues": "https://github.com/VictorWesterlund/php-xenum/issues",
                "source": "https://github.com/VictorWesterlund/php-xenum/tree/1.1.1"
            },
            "time": "2023-11-20T10:10:39+00:00"
        }
    ],
    "packages-dev": [],
    "aliases": [],
    "minimum-stability": "dev",
    "stability-flags": {
        "local/api.endpoints": 20
    },
    "prefer-stable": false,
    "prefer-lowest": false,
    "platform": [],
    "platform-dev": [],
    "plugin-api-version": "2.0.0"
}
